// !$*UTF8*$!
{
	archiveVersion = 1;
	classes = {
	};
	objectVersion = 77;
	objects = {

/* Begin PBXBuildFile section */
		AA00000000000000000000A1 /* Aria in Frameworks */ = {isa = PBXBuildFile; productRef = AA00000000000000000000B1 /* Aria */; };
		AA00000000000000000000A2 /* AriaApple in Frameworks */ = {isa = PBXBuildFile; productRef = AA00000000000000000000B2 /* AriaApple */; };
		AA00000000000000000000A3 /* Aria in Frameworks */ = {isa = PBXBuildFile; productRef = AA00000000000000000000B3 /* Aria */; };
		AA00000000000000000000A4 /* AriaTesting in Frameworks */ = {isa = PBXBuildFile; productRef = AA00000000000000000000B4 /* AriaTesting */; };
		AA00000000000000000000A5 /* AriaMLX in Frameworks */ = {isa = PBXBuildFile; productRef = AA00000000000000000000B5 /* AriaMLX */; };
		AA00000000000000000000A6 /* MarkdownUI in Frameworks */ = {isa = PBXBuildFile; productRef = AA00000000000000000000B6 /* MarkdownUI */; };
/* End PBXBuildFile section */

/* Begin PBXContainerItemProxy section */
		E4AD58E72FAFC027004E4F3F /* PBXContainerItemProxy */ = {
			isa = PBXContainerItemProxy;
			containerPortal = E4AD58CF2FAFC023004E4F3F /* Project object */;
			proxyType = 1;
			remoteGlobalIDString = E4AD58D62FAFC023004E4F3F;
			remoteInfo = AriaSample;
		};
		E4AD58F12FAFC027004E4F3F /* PBXContainerItemProxy */ = {
			isa = PBXContainerItemProxy;
			containerPortal = E4AD58CF2FAFC023004E4F3F /* Project object */;
			proxyType = 1;
			remoteGlobalIDString = E4AD58D62FAFC023004E4F3F;
			remoteInfo = AriaSample;
		};
/* End PBXContainerItemProxy section */

/* Begin PBXFileReference section */
		E4AD58D72FAFC023004E4F3F /* Avyra.app */ = {isa = PBXFileReference; explicitFileType = wrapper.application; includeInIndex = 0; path = Avyra.app; sourceTree = BUILT_PRODUCTS_DIR; };
		E4AD58E62FAFC027004E4F3F /* AvyraTests.xctest */ = {isa = PBXFileReference; explicitFileType = wrapper.cfbundle; includeInIndex = 0; path = AvyraTests.xctest; sourceTree = BUILT_PRODUCTS_DIR; };
		E4AD58F02FAFC027004E4F3F /* AvyraUITests.xctest */ = {isa = PBXFileReference; explicitFileType = wrapper.cfbundle; includeInIndex = 0; path = AvyraUITests.xctest; sourceTree = BUILT_PRODUCTS_DIR; };
/* End PBXFileReference section */

/* Begin PBXFileSystemSynchronizedRootGroup section */
		E4AD58D92FAFC023004E4F3F /* Avyra */ = {
			isa = PBXFileSystemSynchronizedRootGroup;
			path = Avyra;
			sourceTree = "<group>";
		};
		E4AD58E92FAFC027004E4F3F /* AvyraTests */ = {
			isa = PBXFileSystemSynchronizedRootGroup;
			path = AvyraTests;
			sourceTree = "<group>";
		};
		E4AD58F32FAFC027004E4F3F /* AvyraUITests */ = {
			isa = PBXFileSystemSynchronizedRootGroup;
			path = AvyraUITests;
			sourceTree = "<group>";
		};
/* End PBXFileSystemSynchronizedRootGroup section */

/* Begin PBXFrameworksBuildPhase section */
		E4AD58D42FAFC023004E4F3F /* Frameworks */ = {
			isa = PBXFrameworksBuildPhase;
			buildActionMask = 2147483647;
			files = (
				AA00000000000000000000A1 /* Aria in Frameworks */,
				AA00000000000000000000A2 /* AriaApple in Frameworks */,
				AA00000000000000000000A5 /* AriaMLX in Frameworks */,
				AA00000000000000000000A6 /* MarkdownUI in Frameworks */,
			);
			runOnlyForDeploymentPostprocessing = 0;
		};
		E4AD58E32FAFC027004E4F3F /* Frameworks */ = {
			isa = PBXFrameworksBuildPhase;
			buildActionMask = 2147483647;
			files = (
				AA00000000000000000000A3 /* Aria in Frameworks */,
				AA00000000000000000000A4 /* AriaTesting in Frameworks */,
			);
			runOnlyForDeploymentPostprocessing = 0;
		};
		E4AD58ED2FAFC027004E4F3F /* Frameworks */ = {
			isa = PBXFrameworksBuildPhase;
			buildActionMask = 2147483647;
			files = (
			);
			runOnlyForDeploymentPostprocessing = 0;
		};
/* End PBXFrameworksBuildPhase section */

/* Begin PBXGroup section */
		E4AD58CE2FAFC023004E4F3F = {
			isa = PBXGroup;
			children = (
				E4AD58D92FAFC023004E4F3F /* Avyra */,
				E4AD58E92FAFC027004E4F3F /* AvyraTests */,
				E4AD58F32FAFC027004E4F3F /* AvyraUITests */,
				E4AD58D82FAFC023004E4F3F /* Products */,
			);
			sourceTree = "<group>";
		};
		E4AD58D82FAFC023004E4F3F /* Products */ = {
			isa = PBXGroup;
			children = (
				E4AD58D72FAFC023004E4F3F /* Avyra.app */,
				E4AD58E62FAFC027004E4F3F /* AvyraTests.xctest */,
				E4AD58F02FAFC027004E4F3F /* AvyraUITests.xctest */,
			);
			name = Products;
			sourceTree = "<group>";
		};
/* End PBXGroup section */

/* Begin PBXNativeTarget section */
		E4AD58D62FAFC023004E4F3F /* Avyra */ = {
			isa = PBXNativeTarget;
			buildConfigurationList = E4AD58FA2FAFC027004E4F3F /* Build configuration list for PBXNativeTarget "Avyra" */;
			buildPhases = (
				E4AD58D32FAFC023004E4F3F /* Sources */,
				E4AD58D42FAFC023004E4F3F /* Frameworks */,
				E4AD58D52FAFC023004E4F3F /* Resources */,
			);
			buildRules = (
			);
			dependencies = (
			);
			fileSystemSynchronizedGroups = (
				E4AD58D92FAFC023004E4F3F /* Avyra */,
			);
			name = Avyra;
			packageProductDependencies = (
				AA00000000000000000000B1 /* Aria */,
				AA00000000000000000000B2 /* AriaApple */,
				AA00000000000000000000B5 /* AriaMLX */,
				AA00000000000000000000B6 /* MarkdownUI */,
			);
			productName = AriaSample;
			productReference = E4AD58D72FAFC023004E4F3F /* Avyra.app */;
			productType = "com.apple.product-type.application";
		};
		E4AD58E52FAFC027004E4F3F /* AvyraTests */ = {
			isa = PBXNativeTarget;
			buildConfigurationList = E4AD58FD2FAFC027004E4F3F /* Build configuration list for PBXNativeTarget "AvyraTests" */;
			buildPhases = (
				E4AD58E22FAFC027004E4F3F /* Sources */,
				E4AD58E32FAFC027004E4F3F /* Frameworks */,
				E4AD58E42FAFC027004E4F3F /* Resources */,
			);
			buildRules = (
			);
			dependencies = (
				E4AD58E82FAFC027004E4F3F /* PBXTargetDependency */,
			);
			fileSystemSynchronizedGroups = (
				E4AD58E92FAFC027004E4F3F /* AvyraTests */,
			);
			name = AvyraTests;
			packageProductDependencies = (
				AA00000000000000000000B3 /* Aria */,
				AA00000000000000000000B4 /* AriaTesting */,
			);
			productName = AriaSampleTests;
			productReference = E4AD58E62FAFC027004E4F3F /* AvyraTests.xctest */;
			productType = "com.apple.product-type.bundle.unit-test";
		};
		E4AD58EF2FAFC027004E4F3F /* AvyraUITests */ = {
			isa = PBXNativeTarget;
			buildConfigurationList = E4AD59002FAFC027004E4F3F /* Build configuration list for PBXNativeTarget "AvyraUITests" */;
			buildPhases = (
				E4AD58EC2FAFC027004E4F3F /* Sources */,
				E4AD58ED2FAFC027004E4F3F /* Frameworks */,
				E4AD58EE2FAFC027004E4F3F /* Resources */,
			);
			buildRules = (
			);
			dependencies = (
				E4AD58F22FAFC027004E4F3F /* PBXTargetDependency */,
			);
			fileSystemSynchronizedGroups = (
				E4AD58F32FAFC027004E4F3F /* AvyraUITests */,
			);
			name = AvyraUITests;
			packageProductDependencies = (
			);
			productName = AriaSampleUITests;
			productReference = E4AD58F02FAFC027004E4F3F /* AvyraUITests.xctest */;
			productType = "com.apple.product-type.bundle.ui-testing";
		};
/* End PBXNativeTarget section */

/* Begin PBXProject section */
		E4AD58CF2FAFC023004E4F3F /* Project object */ = {
			isa = PBXProject;
			attributes = {
				BuildIndependentTargetsInParallel = 1;
				LastSwiftUpdateCheck = 2640;
				LastUpgradeCheck = 2650;
				TargetAttributes = {
					E4AD58D62FAFC023004E4F3F = {
						CreatedOnToolsVersion = 26.4.1;
					};
					E4AD58E52FAFC027004E4F3F = {
						CreatedOnToolsVersion = 26.4.1;
						TestTargetID = E4AD58D62FAFC023004E4F3F;
					};
					E4AD58EF2FAFC027004E4F3F = {
						CreatedOnToolsVersion = 26.4.1;
						TestTargetID = E4AD58D62FAFC023004E4F3F;
					};
				};
			};
			buildConfigurationList = E4AD58D22FAFC023004E4F3F /* Build configuration list for PBXProject "Avyra" */;
			developmentRegion = en;
			hasScannedForEncodings = 0;
			knownRegions = (
				en,
				Base,
			);
			mainGroup = E4AD58CE2FAFC023004E4F3F;
			minimizedProjectReferenceProxies = 1;
			packageReferences = (
				AA00000000000000000000C1 /* XCLocalSwiftPackageReference "../.." */,
				AA00000000000000000000D1 /* XCLocalSwiftPackageReference "../../MLX" */,
				AA00000000000000000000E1 /* XCRemoteSwiftPackageReference "swift-markdown-ui" */,
			);
			preferredProjectObjectVersion = 77;
			productRefGroup = E4AD58D82FAFC023004E4F3F /* Products */;
			projectDirPath = "";
			projectRoot = "";
			targets = (
				E4AD58D62FAFC023004E4F3F /* Avyra */,
				E4AD58E52FAFC027004E4F3F /* AvyraTests */,
				E4AD58EF2FAFC027004E4F3F /* AvyraUITests */,
			);
		};
/* End PBXProject section */

/* Begin PBXResourcesBuildPhase section */
		E4AD58D52FAFC023004E4F3F /* Resources */ = {
			isa = PBXResourcesBuildPhase;
			buildActionMask = 2147483647;
			files = (
			);
			runOnlyForDeploymentPostprocessing = 0;
		};
		E4AD58E42FAFC027004E4F3F /* Resources */ = {
			isa = PBXResourcesBuildPhase;
			buildActionMask = 2147483647;
			files = (
			);
			runOnlyForDeploymentPostprocessing = 0;
		};
		E4AD58EE2FAFC027004E4F3F /* Resources */ = {
			isa = PBXResourcesBuildPhase;
			buildActionMask = 2147483647;
			files = (
			);
			runOnlyForDeploymentPostprocessing = 0;
		};
/* End PBXResourcesBuildPhase section */

/* Begin PBXSourcesBuildPhase section */
		E4AD58D32FAFC023004E4F3F /* Sources */ = {
			isa = PBXSourcesBuildPhase;
			buildActionMask = 2147483647;
			files = (
			);
			runOnlyForDeploymentPostprocessing = 0;
		};
		E4AD58E22FAFC027004E4F3F /* Sources */ = {
			isa = PBXSourcesBuildPhase;
			buildActionMask = 2147483647;
			files = (
			);
			runOnlyForDeploymentPostprocessing = 0;
		};
		E4AD58EC2FAFC027004E4F3F /* Sources */ = {
			isa = PBXSourcesBuildPhase;
			buildActionMask = 2147483647;
			files = (
			);
			runOnlyForDeploymentPostprocessing = 0;
		};
/* End PBXSourcesBuildPhase section */

/* Begin PBXTargetDependency section */
		E4AD58E82FAFC027004E4F3F /* PBXTargetDependency */ = {
			isa = PBXTargetDependency;
			target = E4AD58D62FAFC023004E4F3F /* Avyra */;
			targetProxy = E4AD58E72FAFC027004E4F3F /* PBXContainerItemProxy */;
		};
		E4AD58F22FAFC027004E4F3F /* PBXTargetDependency */ = {
			isa = PBXTargetDependency;
			target = E4AD58D62FAFC023004E4F3F /* Avyra */;
			targetProxy = E4AD58F12FAFC027004E4F3F /* PBXContainerItemProxy */;
		};
/* End PBXTargetDependency section */

/* Begin XCBuildConfiguration section */
		E4AD58F82FAFC027004E4F3F /* Debug */ = {
			isa = XCBuildConfiguration;
			buildSettings = {
				ALWAYS_SEARCH_USER_PATHS = NO;
				ASSETCATALOG_COMPILER_GENERATE_SWIFT_ASSET_SYMBOL_EXTENSIONS = YES;
				CLANG_ANALYZER_NONNULL = YES;
				CLANG_ANALYZER_NUMBER_OBJECT_CONVERSION = YES_AGGRESSIVE;
				CLANG_CXX_LANGUAGE_STANDARD = "gnu++20";
				CLANG_ENABLE_MODULES = YES;
				CLANG_ENABLE_OBJC_ARC = YES;
				CLANG_ENABLE_OBJC_WEAK = YES;
				CLANG_WARN_BLOCK_CAPTURE_AUTORELEASING = YES;
				CLANG_WARN_BOOL_CONVERSION = YES;
				CLANG_WARN_COMMA = YES;
				CLANG_WARN_CONSTANT_CONVERSION = YES;
				CLANG_WARN_DEPRECATED_OBJC_IMPLEMENTATIONS = YES;
				CLANG_WARN_DIRECT_OBJC_ISA_USAGE = YES_ERROR;
				CLANG_WARN_DOCUMENTATION_COMMENTS = YES;
				CLANG_WARN_EMPTY_BODY = YES;
				CLANG_WARN_ENUM_CONVERSION = YES;
				CLANG_WARN_INFINITE_RECURSION = YES;
				CLANG_WARN_INT_CONVERSION = YES;
				CLANG_WARN_NON_LITERAL_NULL_CONVERSION = YES;
				CLANG_WARN_OBJC_IMPLICIT_RETAIN_SELF = YES;
				CLANG_WARN_OBJC_LITERAL_CONVERSION = YES;
				CLANG_WARN_OBJC_ROOT_CLASS = YES_ERROR;
				CLANG_WARN_QUOTED_INCLUDE_IN_FRAMEWORK_HEADER = YES;
				CLANG_WARN_RANGE_LOOP_ANALYSIS = YES;
				CLANG_WARN_STRICT_PROTOTYPES = YES;
				CLANG_WARN_SUSPICIOUS_MOVE = YES;
				CLANG_WARN_UNGUARDED_AVAILABILITY = YES_AGGRESSIVE;
				CLANG_WARN_UNREACHABLE_CODE = YES;
				CLANG_WARN__DUPLICATE_METHOD_MATCH = YES;
				COPY_PHASE_STRIP = NO;
				DEBUG_INFORMATION_FORMAT = dwarf;
				DEVELOPMENT_TEAM = 259ZX2VB4Z;
				ENABLE_STRICT_OBJC_MSGSEND = YES;
				ENABLE_TESTABILITY = YES;
				ENABLE_USER_SCRIPT_SANDBOXING = YES;
				GCC_C_LANGUAGE_STANDARD = gnu17;
				GCC_DYNAMIC_NO_PIC = NO;
				GCC_NO_COMMON_BLOCKS = YES;
				GCC_OPTIMIZATION_LEVEL = 0;
				GCC_PREPROCESSOR_DEFINITIONS = (
					"DEBUG=1",
					"$(inherited)",
				);
				GCC_WARN_64_TO_32_BIT_CONVERSION = YES;
				GCC_WARN_ABOUT_RETURN_TYPE = YES_ERROR;
				GCC_WARN_UNDECLARED_SELECTOR = YES;
				GCC_WARN_UNINITIALIZED_AUTOS = YES_AGGRESSIVE;
				GCC_WARN_UNUSED_FUNCTION = YES;
				GCC_WARN_UNUSED_VARIABLE = YES;
				IPHONEOS_DEPLOYMENT_TARGET = 26.4;
				LOCALIZATION_PREFERS_STRING_CATALOGS = YES;
				MTL_ENABLE_DEBUG_INFO = INCLUDE_SOURCE;
				MTL_FAST_MATH = YES;
				ONLY_ACTIVE_ARCH = YES;
				SDKROOT = iphoneos;
				STRING_CATALOG_GENERATE_SYMBOLS = YES;
				SWIFT_ACTIVE_COMPILATION_CONDITIONS = "DEBUG $(inherited)";
				SWIFT_OPTIMIZATION_LEVEL = "-Onone";
			};
			name = Debug;
		};
		E4AD58F92FAFC027004E4F3F /* Release */ = {
			isa = XCBuildConfiguration;
			buildSettings = {
				ALWAYS_SEARCH_USER_PATHS = NO;
				ASSETCATALOG_COMPILER_GENERATE_SWIFT_ASSET_SYMBOL_EXTENSIONS = YES;
				CLANG_ANALYZER_NONNULL = YES;
				CLANG_ANALYZER_NUMBER_OBJECT_CONVERSION = YES_AGGRESSIVE;
				CLANG_CXX_LANGUAGE_STANDARD = "gnu++20";
				CLANG_ENABLE_MODULES = YES;
				CLANG_ENABLE_OBJC_ARC = YES;
				CLANG_ENABLE_OBJC_WEAK = YES;
				CLANG_WARN_BLOCK_CAPTURE_AUTORELEASING = YES;
				CLANG_WARN_BOOL_CONVERSION = YES;
				CLANG_WARN_COMMA = YES;
				CLANG_WARN_CONSTANT_CONVERSION = YES;
				CLANG_WARN_DEPRECATED_OBJC_IMPLEMENTATIONS = YES;
				CLANG_WARN_DIRECT_OBJC_ISA_USAGE = YES_ERROR;
				CLANG_WARN_DOCUMENTATION_COMMENTS = YES;
				CLANG_WARN_EMPTY_BODY = YES;
				CLANG_WARN_ENUM_CONVERSION = YES;
				CLANG_WARN_INFINITE_RECURSION = YES;
				CLANG_WARN_INT_CONVERSION = YES;
				CLANG_WARN_NON_LITERAL_NULL_CONVERSION = YES;
				CLANG_WARN_OBJC_IMPLICIT_RETAIN_SELF = YES;
				CLANG_WARN_OBJC_LITERAL_CONVERSION = YES;
				CLANG_WARN_OBJC_ROOT_CLASS = YES_ERROR;
				CLANG_WARN_QUOTED_INCLUDE_IN_FRAMEWORK_HEADER = YES;
				CLANG_WARN_RANGE_LOOP_ANALYSIS = YES;
				CLANG_WARN_STRICT_PROTOTYPES = YES;
				CLANG_WARN_SUSPICIOUS_MOVE = YES;
				CLANG_WARN_UNGUARDED_AVAILABILITY = YES_AGGRESSIVE;
				CLANG_WARN_UNREACHABLE_CODE = YES;
				CLANG_WARN__DUPLICATE_METHOD_MATCH = YES;
				COPY_PHASE_STRIP = NO;
				DEBUG_INFORMATION_FORMAT = "dwarf-with-dsym";
				DEVELOPMENT_TEAM = 259ZX2VB4Z;
				ENABLE_NS_ASSERTIONS = NO;
				ENABLE_STRICT_OBJC_MSGSEND = YES;
				ENABLE_USER_SCRIPT_SANDBOXING = YES;
				GCC_C_LANGUAGE_STANDARD = gnu17;
				GCC_NO_COMMON_BLOCKS = YES;
				GCC_WARN_64_TO_32_BIT_CONVERSION = YES;
				GCC_WARN_ABOUT_RETURN_TYPE = YES_ERROR;
				GCC_WARN_UNDECLARED_SELECTOR = YES;
				GCC_WARN_UNINITIALIZED_AUTOS = YES_AGGRESSIVE;
				GCC_WARN_UNUSED_FUNCTION = YES;
				GCC_WARN_UNUSED_VARIABLE = YES;
				IPHONEOS_DEPLOYMENT_TARGET = 26.4;
				LOCALIZATION_PREFERS_STRING_CATALOGS = YES;
				MTL_ENABLE_DEBUG_INFO = NO;
				MTL_FAST_MATH = YES;
				SDKROOT = iphoneos;
				STRING_CATALOG_GENERATE_SYMBOLS = YES;
				SWIFT_COMPILATION_MODE = wholemodule;
				VALIDATE_PRODUCT = YES;
			};
			name = Release;
		};
		E4AD58FB2FAFC027004E4F3F /* Debug */ = {
			isa = XCBuildConfiguration;
			buildSettings = {
				ASSETCATALOG_COMPILER_APPICON_NAME = AppIcon;
				ASSETCATALOG_COMPILER_GLOBAL_ACCENT_COLOR_NAME = AccentColor;
				CODE_SIGN_ENTITLEMENTS = Avyra/AvyraApp.entitlements;
				CODE_SIGN_STYLE = Automatic;
				CURRENT_PROJECT_VERSION = 1;
				DEVELOPMENT_TEAM = 259ZX2VB4Z;
				ENABLE_PREVIEWS = YES;
				GENERATE_INFOPLIST_FILE = YES;
				INFOPLIST_KEY_CFBundleDisplayName = Avyra;
				INFOPLIST_KEY_NSCameraUsageDescription = "Avyra needs camera access to capture images for your queries.";
				INFOPLIST_KEY_NSPhotoLibraryUsageDescription = "Avyra needs photo library access to attach images to your queries.";
				INFOPLIST_KEY_UIApplicationSceneManifest_Generation = YES;
				INFOPLIST_KEY_UIApplicationSupportsIndirectInputEvents = YES;
				INFOPLIST_KEY_UILaunchScreen_Generation = YES;
				INFOPLIST_KEY_UISupportedInterfaceOrientations_iPad = "UIInterfaceOrientationPortrait UIInterfaceOrientationPortraitUpsideDown UIInterfaceOrientationLandscapeLeft UIInterfaceOrientationLandscapeRight";
				INFOPLIST_KEY_UISupportedInterfaceOrientations_iPhone = "UIInterfaceOrientationPortrait UIInterfaceOrientationLandscapeLeft UIInterfaceOrientationLandscapeRight";
				LD_RUNPATH_SEARCH_PATHS = (
					"$(inherited)",
					"@executable_path/Frameworks",
				);
				MARKETING_VERSION = 1.0;
				PRODUCT_BUNDLE_IDENTIFIER = com.3theories.app.Avyra;
				PRODUCT_NAME = "$(TARGET_NAME)";
				STRING_CATALOG_GENERATE_SYMBOLS = YES;
				SWIFT_APPROACHABLE_CONCURRENCY = YES;
				SWIFT_DEFAULT_ACTOR_ISOLATION = MainActor;
				SWIFT_EMIT_LOC_STRINGS = YES;
				SWIFT_UPCOMING_FEATURE_MEMBER_IMPORT_VISIBILITY = YES;
				SWIFT_VERSION = 5.0;
				TARGETED_DEVICE_FAMILY = "1,2";
			};
			name = Debug;
		};
		E4AD58FC2FAFC027004E4F3F /* Release */ = {
			isa = XCBuildConfiguration;
			buildSettings = {
				ASSETCATALOG_COMPILER_APPICON_NAME = AppIcon;
				ASSETCATALOG_COMPILER_GLOBAL_ACCENT_COLOR_NAME = AccentColor;
				CODE_SIGN_ENTITLEMENTS = Avyra/AvyraApp.entitlements;
				CODE_SIGN_STYLE = Automatic;
				CURRENT_PROJECT_VERSION = 1;
				DEVELOPMENT_TEAM = 259ZX2VB4Z;
				ENABLE_PREVIEWS = YES;
				GENERATE_INFOPLIST_FILE = YES;
				INFOPLIST_KEY_CFBundleDisplayName = Avyra;
				INFOPLIST_KEY_NSCameraUsageDescription = "Avyra needs camera access to capture images for your queries.";
				INFOPLIST_KEY_NSPhotoLibraryUsageDescription = "Avyra needs photo library access to attach images to your queries.";
				INFOPLIST_KEY_UIApplicationSceneManifest_Generation = YES;
				INFOPLIST_KEY_UIApplicationSupportsIndirectInputEvents = YES;
				INFOPLIST_KEY_UILaunchScreen_Generation = YES;
				INFOPLIST_KEY_UISupportedInterfaceOrientations_iPad = "UIInterfaceOrientationPortrait UIInterfaceOrientationPortraitUpsideDown UIInterfaceOrientationLandscapeLeft UIInterfaceOrientationLandscapeRight";
				INFOPLIST_KEY_UISupportedInterfaceOrientations_iPhone = "UIInterfaceOrientationPortrait UIInterfaceOrientationLandscapeLeft UIInterfaceOrientationLandscapeRight";
				LD_RUNPATH_SEARCH_PATHS = (
					"$(inherited)",
					"@executable_path/Frameworks",
				);
				MARKETING_VERSION = 1.0;
				PRODUCT_BUNDLE_IDENTIFIER = com.3theories.app.Avyra;
				PRODUCT_NAME = "$(TARGET_NAME)";
				STRING_CATALOG_GENERATE_SYMBOLS = YES;
				SWIFT_APPROACHABLE_CONCURRENCY = YES;
				SWIFT_DEFAULT_ACTOR_ISOLATION = MainActor;
				SWIFT_EMIT_LOC_STRINGS = YES;
				SWIFT_UPCOMING_FEATURE_MEMBER_IMPORT_VISIBILITY = YES;
				SWIFT_VERSION = 5.0;
				TARGETED_DEVICE_FAMILY = "1,2";
			};
			name = Release;
		};
		E4AD58FE2FAFC027004E4F3F /* Debug */ = {
			isa = XCBuildConfiguration;
			buildSettings = {
				BUNDLE_LOADER = "$(TEST_HOST)";
				CODE_SIGN_STYLE = Automatic;
				CURRENT_PROJECT_VERSION = 1;
				DEVELOPMENT_TEAM = 259ZX2VB4Z;
				GENERATE_INFOPLIST_FILE = YES;
				IPHONEOS_DEPLOYMENT_TARGET = 26.4;
				MARKETING_VERSION = 1.0;
				PRODUCT_BUNDLE_IDENTIFIER = com.3theories.app.Avyra.Tests;
				PRODUCT_NAME = "$(TARGET_NAME)";
				STRING_CATALOG_GENERATE_SYMBOLS = NO;
				SWIFT_APPROACHABLE_CONCURRENCY = YES;
				SWIFT_EMIT_LOC_STRINGS = NO;
				SWIFT_UPCOMING_FEATURE_MEMBER_IMPORT_VISIBILITY = YES;
				SWIFT_VERSION = 5.0;
				TARGETED_DEVICE_FAMILY = "1,2";
				TEST_HOST = "$(BUILT_PRODUCTS_DIR)/Avyra.app/$(BUNDLE_EXECUTABLE_FOLDER_PATH)/Avyra";
			};
			name = Debug;
		};
		E4AD58FF2FAFC027004E4F3F /* Release */ = {
			isa = XCBuildConfiguration;
			buildSettings = {
				BUNDLE_LOADER = "$(TEST_HOST)";
				CODE_SIGN_STYLE = Automatic;
				CURRENT_PROJECT_VERSION = 1;
				DEVELOPMENT_TEAM = 259ZX2VB4Z;
				GENERATE_INFOPLIST_FILE = YES;
				IPHONEOS_DEPLOYMENT_TARGET = 26.4;
				MARKETING_VERSION = 1.0;
				PRODUCT_BUNDLE_IDENTIFIER = com.3theories.app.Avyra.Tests;
				PRODUCT_NAME = "$(TARGET_NAME)";
				STRING_CATALOG_GENERATE_SYMBOLS = NO;
				SWIFT_APPROACHABLE_CONCURRENCY = YES;
				SWIFT_EMIT_LOC_STRINGS = NO;
				SWIFT_UPCOMING_FEATURE_MEMBER_IMPORT_VISIBILITY = YES;
				SWIFT_VERSION = 5.0;
				TARGETED_DEVICE_FAMILY = "1,2";
				TEST_HOST = "$(BUILT_PRODUCTS_DIR)/Avyra.app/$(BUNDLE_EXECUTABLE_FOLDER_PATH)/Avyra";
			};
			name = Release;
		};
		E4AD59012FAFC027004E4F3F /* Debug */ = {
			isa = XCBuildConfiguration;
			buildSettings = {
				CODE_SIGN_STYLE = Automatic;
				CURRENT_PROJECT_VERSION = 1;
				DEVELOPMENT_TEAM = 259ZX2VB4Z;
				GENERATE_INFOPLIST_FILE = YES;
				MARKETING_VERSION = 1.0;
				PRODUCT_BUNDLE_IDENTIFIER = com.3theories.app.Avyra.UITests;
				PRODUCT_NAME = "$(TARGET_NAME)";
				STRING_CATALOG_GENERATE_SYMBOLS = NO;
				SWIFT_APPROACHABLE_CONCURRENCY = YES;
				SWIFT_EMIT_LOC_STRINGS = NO;
				SWIFT_UPCOMING_FEATURE_MEMBER_IMPORT_VISIBILITY = YES;
				SWIFT_VERSION = 5.0;
				TARGETED_DEVICE_FAMILY = "1,2";
				TEST_TARGET_NAME = Avyra;
			};
			name = Debug;
		};
		E4AD59022FAFC027004E4F3F /* Release */ = {
			isa = XCBuildConfiguration;
			buildSettings = {
				CODE_SIGN_STYLE = Automatic;
				CURRENT_PROJECT_VERSION = 1;
				DEVELOPMENT_TEAM = 259ZX2VB4Z;
				GENERATE_INFOPLIST_FILE = YES;
				MARKETING_VERSION = 1.0;
				PRODUCT_BUNDLE_IDENTIFIER = com.3theories.app.Avyra.UITests;
				PRODUCT_NAME = "$(TARGET_NAME)";
				STRING_CATALOG_GENERATE_SYMBOLS = NO;
				SWIFT_APPROACHABLE_CONCURRENCY = YES;
				SWIFT_EMIT_LOC_STRINGS = NO;
				SWIFT_UPCOMING_FEATURE_MEMBER_IMPORT_VISIBILITY = YES;
				SWIFT_VERSION = 5.0;
				TARGETED_DEVICE_FAMILY = "1,2";
				TEST_TARGET_NAME = Avyra;
			};
			name = Release;
		};
/* End XCBuildConfiguration section */

/* Begin XCConfigurationList section */
		E4AD58D22FAFC023004E4F3F /* Build configuration list for PBXProject "Avyra" */ = {
			isa = XCConfigurationList;
			buildConfigurations = (
				E4AD58F82FAFC027004E4F3F /* Debug */,
				E4AD58F92FAFC027004E4F3F /* Release */,
			);
			defaultConfigurationIsVisible = 0;
			defaultConfigurationName = Release;
		};
		E4AD58FA2FAFC027004E4F3F /* Build configuration list for PBXNativeTarget "Avyra" */ = {
			isa = XCConfigurationList;
			buildConfigurations = (
				E4AD58FB2FAFC027004E4F3F /* Debug */,
				E4AD58FC2FAFC027004E4F3F /* Release */,
			);
			defaultConfigurationIsVisible = 0;
			defaultConfigurationName = Release;
		};
		E4AD58FD2FAFC027004E4F3F /* Build configuration list for PBXNativeTarget "AvyraTests" */ = {
			isa = XCConfigurationList;
			buildConfigurations = (
				E4AD58FE2FAFC027004E4F3F /* Debug */,
				E4AD58FF2FAFC027004E4F3F /* Release */,
			);
			defaultConfigurationIsVisible = 0;
			defaultConfigurationName = Release;
		};
		E4AD59002FAFC027004E4F3F /* Build configuration list for PBXNativeTarget "AvyraUITests" */ = {
			isa = XCConfigurationList;
			buildConfigurations = (
				E4AD59012FAFC027004E4F3F /* Debug */,
				E4AD59022FAFC027004E4F3F /* Release */,
			);
			defaultConfigurationIsVisible = 0;
			defaultConfigurationName = Release;
		};
/* End XCConfigurationList section */

/* Begin XCLocalSwiftPackageReference section */
		AA00000000000000000000C1 /* XCLocalSwiftPackageReference "../.." */ = {
			isa = XCLocalSwiftPackageReference;
			relativePath = ../..;
		};
		AA00000000000000000000D1 /* XCLocalSwiftPackageReference "../../MLX" */ = {
			isa = XCLocalSwiftPackageReference;
			relativePath = ../../MLX;
		};
/* End XCLocalSwiftPackageReference section */

/* Begin XCRemoteSwiftPackageReference section */
		AA00000000000000000000E1 /* XCRemoteSwiftPackageReference "swift-markdown-ui" */ = {
			isa = XCRemoteSwiftPackageReference;
			repositoryURL = "https://github.com/gonzalezreal/swift-markdown-ui";
			requirement = {
				kind = upToNextMajorVersion;
				minimumVersion = 2.4.1;
			};
		};
/* End XCRemoteSwiftPackageReference section */

/* Begin XCSwiftPackageProductDependency section */
		AA00000000000000000000B1 /* Aria */ = {
			isa = XCSwiftPackageProductDependency;
			package = AA00000000000000000000C1 /* XCLocalSwiftPackageReference "../.." */;
			productName = Aria;
		};
		AA00000000000000000000B2 /* AriaApple */ = {
			isa = XCSwiftPackageProductDependency;
			package = AA00000000000000000000C1 /* XCLocalSwiftPackageReference "../.." */;
			productName = AriaApple;
		};
		AA00000000000000000000B3 /* Aria */ = {
			isa = XCSwiftPackageProductDependency;
			package = AA00000000000000000000C1 /* XCLocalSwiftPackageReference "../.." */;
			productName = Aria;
		};
		AA00000000000000000000B4 /* AriaTesting */ = {
			isa = XCSwiftPackageProductDependency;
			package = AA00000000000000000000C1 /* XCLocalSwiftPackageReference "../.." */;
			productName = AriaTesting;
		};
		AA00000000000000000000B5 /* AriaMLX */ = {
			isa = XCSwiftPackageProductDependency;
			package = AA00000000000000000000D1 /* XCLocalSwiftPackageReference "../../MLX" */;
			productName = AriaMLX;
		};
		AA00000000000000000000B6 /* MarkdownUI */ = {
			isa = XCSwiftPackageProductDependency;
			package = AA00000000000000000000E1 /* XCRemoteSwiftPackageReference "swift-markdown-ui" */;
			productName = MarkdownUI;
		};
/* End XCSwiftPackageProductDependency section */
	};
	rootObject = E4AD58CF2FAFC023004E4F3F /* Project object */;
}
